{
    "hash": "1d04252b1ff3d659db4d70582e5cf6c9",
    "packages": [
        {
            "package": "chromedia/utilities",
            "version": "dev-master",
            "source-reference": "89d721cd2936be270c3a9ed57f9d845258c91ce6",
            "commit-date": "1342516975"
        },
        {
            "package": "doctrine/common",
            "version": "2.2.3"
        },
        {
            "package": "doctrine/dbal",
            "version": "2.2.x-dev",
            "source-reference": "da4b7b4d965db0c1c1d23333e87ee5ae8994e249",
            "commit-date": "1344978731"
        },
        {
            "package": "doctrine/doctrine-bundle",
            "version": "dev-master",
            "source-reference": "d3c930599723c8343472a5791b0f5909a4111a73",
            "commit-date": "1347289964"
        },
        {
            "package": "doctrine/orm",
            "version": "2.2.x-dev",
            "source-reference": "11faa7e49d77e559e4e376d3b927d2e742fbcf8b",
            "commit-date": "1346246267"
        },
        {
            "package": "gedmo/doctrine-extensions",
            "version": "dev-master",
            "source-reference": "628b372ac6345dea7b67b8b164ce84101b1109a3",
            "commit-date": "1347552311"
        },
        {
            "package": "guzzle/guzzle",
            "version": "dev-master",
            "source-reference": "2fa1b69eac76bece11906d1721b9e126a80390be",
            "commit-date": "1347559371"
        },
        {
            "package": "jms/aop-bundle",
            "version": "1.0.0"
        },
        {
            "package": "jms/cg",
            "version": "1.0.0"
        },
        {
            "package": "jms/di-extra-bundle",
            "version": "1.0.1"
        },
        {
            "package": "jms/metadata",
            "version": "1.1.1"
        },
        {
            "package": "jms/security-extra-bundle",
            "version": "1.1.0"
        },
        {
            "package": "knplabs/gaufrette",
            "version": "dev-master",
            "source-reference": "5ac439cd46eb461043e6bb73dae717528f674a57",
            "commit-date": "1347117279"
        },
        {
            "package": "kriswallsmith/assetic",
            "version": "dev-master",
            "alias-pretty-version": "1.1.x-dev",
            "alias-version": "1.1.9999999.9999999-dev"
        },
        {
            "package": "kriswallsmith/assetic",
            "version": "dev-master",
            "source-reference": "22b57658cbcedc24bb9ad72f9cc05b7d83c228c9",
            "commit-date": "1347558609"
        },
        {
            "package": "monolog/monolog",
            "version": "dev-master",
            "alias-pretty-version": "1.3.x-dev",
            "alias-version": "1.3.9999999.9999999-dev"
        },
        {
            "package": "monolog/monolog",
            "version": "dev-master",
            "source-reference": "0f3dc95c4a0ed7d17bec237d07af3da6c0c1071a",
            "commit-date": "1347363321"
        },
        {
            "package": "nikic/php-parser",
            "version": "dev-master",
            "source-reference": "af5d288fb357a3c2994ef4e49953731f7fe0524a",
            "commit-date": "1347054121"
        },
        {
            "package": "pimple/pimple",
            "version": "1.0.0"
        },
        {
            "package": "sami/sami",
            "version": "dev-master",
            "source-reference": "d3e3067796a5180ddd18f5a67c154bc2154f1f1d",
            "commit-date": "1347368573"
        },
        {
            "package": "sensio/distribution-bundle",
            "version": "v2.1.0"
        },
        {
            "package": "sensio/framework-extra-bundle",
            "version": "v2.1.0"
        },
        {
            "package": "sensio/generator-bundle",
            "version": "v2.1.0"
        },
        {
            "package": "stfalcon/tinymce-bundle",
            "version": "dev-master",
            "source-reference": "b6d6b3053c797a6397a65ce94056de441c22cfe0",
            "commit-date": "1347049782"
        },
        {
            "package": "swiftmailer/swiftmailer",
            "version": "dev-master",
            "alias-pretty-version": "4.2.x-dev",
            "alias-version": "4.2.9999999.9999999-dev"
        },
        {
            "package": "swiftmailer/swiftmailer",
            "version": "dev-master",
            "source-reference": "1e5482485f30a2431f9b8eb19a091eef4b57008c",
            "commit-date": "1347542176"
        },
        {
            "package": "symfony/assetic-bundle",
            "version": "v2.1.0"
        },
        {
            "package": "symfony/monolog-bundle",
            "version": "v2.1.0"
        },
        {
            "package": "symfony/swiftmailer-bundle",
            "version": "dev-master",
            "source-reference": "d2eae9385c029cbac031a90e6d2abc74b889a562",
            "commit-date": "1346243146"
        },
        {
            "package": "symfony/symfony",
            "version": "2.1.x-dev",
            "source-reference": "f23fd03732e115fd15ec675c0ada4cba20a035d1",
            "commit-date": "1347354770"
        },
        {
            "package": "twig/extensions",
            "version": "dev-master",
            "source-reference": "f904575642b1213db69b4a98f08397e722ba1cae",
            "commit-date": "1346770278"
        },
        {
            "package": "twig/twig",
            "version": "dev-master",
            "alias-pretty-version": "1.9.x-dev",
            "alias-version": "1.9.9999999.9999999-dev"
        },
        {
            "package": "twig/twig",
            "version": "dev-master",
            "source-reference": "956a66e6da304ead2aa2632acc01118b360d19d3",
            "commit-date": "1347542132"
        }
    ],
    "packages-dev": null,
    "aliases": [

    ],
    "minimum-stability": "dev",
    "stability-flags": {
        "doctrine/doctrine-bundle": 20,
        "gedmo/doctrine-extensions": 20,
        "twig/extensions": 20,
        "knplabs/gaufrette": 20,
        "chromedia/utilities": 20,
        "nikic/php-parser": 20,
        "sami/sami": 20,
        "stfalcon/tinymce-bundle": 20
    }
}
